
Microsoft Visual Studio Solution File, Format Version 12.00
# Visual Studio Version 17
VisualStudioVersion = 17.13.35931.197
MinimumVisualStudioVersion = 10.0.40219.1
Project("{FAE04EC0-301F-11D3-BF4B-00C04F79EFBC}") = "LearnZoneDAL", "LearnZoneDAL\LearnZoneDAL.csproj", "{44FEF4D9-2315-44ED-A003-C0CC78A63C9C}"
EndProject
Project("{FAE04EC0-301F-11D3-BF4B-00C04F79EFBC}") = "LearnZoneConsoleApp", "LearnZoneConsoleApp\LearnZoneConsoleApp.csproj", "{BFE476E1-DB58-4CB6-8487-83F60E1FA811}"
EndProject
Project("{FAE04EC0-301F-11D3-BF4B-00C04F79EFBC}") = "LearnMore Services", "LearnMore Services\LearnMore Services.csproj", "{9A030939-0A38-491F-ACEF-D7D0AD5F2A50}"
EndProject
Global
	GlobalSection(SolutionConfigurationPlatforms) = preSolution
		Debug|Any CPU = Debug|Any CPU
		Release|Any CPU = Release|Any CPU
	EndGlobalSection
	GlobalSection(ProjectConfigurationPlatforms) = postSolution
		{44FEF4D9-2315-44ED-A003-C0CC78A63C9C}.Debug|Any CPU.ActiveCfg = Debug|Any CPU
		{44FEF4D9-2315-44ED-A003-C0CC78A63C9C}.Debug|Any CPU.Build.0 = Debug|Any CPU
		{44FEF4D9-2315-44ED-A003-C0CC78A63C9C}.Release|Any CPU.ActiveCfg = Release|Any CPU
		{44FEF4D9-2315-44ED-A003-C0CC78A63C9C}.Release|Any CPU.Build.0 = Release|Any CPU
		{BFE476E1-DB58-4CB6-8487-83F60E1FA811}.Debug|Any CPU.ActiveCfg = Debug|Any CPU
		{BFE476E1-DB58-4CB6-8487-83F60E1FA811}.Debug|Any CPU.Build.0 = Debug|Any CPU
		{BFE476E1-DB58-4CB6-8487-83F60E1FA811}.Release|Any CPU.ActiveCfg = Release|Any CPU
		{BFE476E1-DB58-4CB6-8487-83F60E1FA811}.Release|Any CPU.Build.0 = Release|Any CPU
		{9A030939-0A38-491F-ACEF-D7D0AD5F2A50}.Debug|Any CPU.ActiveCfg = Debug|Any CPU
		{9A030939-0A38-491F-ACEF-D7D0AD5F2A50}.Debug|Any CPU.Build.0 = Debug|Any CPU
		{9A030939-0A38-491F-ACEF-D7D0AD5F2A50}.Release|Any CPU.ActiveCfg = Release|Any CPU
		{9A030939-0A38-491F-ACEF-D7D0AD5F2A50}.Release|Any CPU.Build.0 = Release|Any CPU
	EndGlobalSection
	GlobalSection(SolutionProperties) = preSolution
		HideSolutionNode = FALSE
	EndGlobalSection
	GlobalSection(ExtensibilityGlobals) = postSolution
		SolutionGuid = {7404CFBB-EB74-4A42-BF23-C7C291B20E8A}
	EndGlobalSection
EndGlobal
